
Microsoft Visual Studio Solution File, Format Version 10.00
# Visual Studio 2008
Project("{8BC9CEB8-8B4A-11D0-8D11-00A0C91BC942}") = "squidball", "squidball\squidball.vcproj", "{E4C38D58-5AE1-4F20-A77B-3F98C46C1929}"
EndProject
Project("{8BC9CEB8-8B4A-11D0-8D11-00A0C91BC942}") = "blobslib", "blobslib\blobslib.vcproj", "{B794053F-8127-44A6-85DB-ECFADB531533}"
EndProject
Project("{8BC9CEB8-8B4A-11D0-8D11-00A0C91BC942}") = "blobslibtest", "blobslibtest\blobslibtest.vcproj", "{42D67D7B-0ABC-4427-84E0-2DBB0BF28354}"
	ProjectSection(ProjectDependencies) = postProject
		{B794053F-8127-44A6-85DB-ECFADB531533} = {B794053F-8127-44A6-85DB-ECFADB531533}
	EndProjectSection
EndProject
Project("{FAE04EC0-301F-11D3-BF4B-00C04F79EFBC}") = "WallEProxy", "WallEProxy\WallEProxy.csproj", "{42E21A49-310D-4F71-93F1-946F38450D42}"
	ProjectSection(ProjectDependencies) = postProject
		{B794053F-8127-44A6-85DB-ECFADB531533} = {B794053F-8127-44A6-85DB-ECFADB531533}
	EndProjectSection
EndProject
Global
	GlobalSection(SolutionConfigurationPlatforms) = preSolution
		Debug|Any CPU = Debug|Any CPU
		Debug|Mixed Platforms = Debug|Mixed Platforms
		Debug|Win32 = Debug|Win32
		Debug|x64 = Debug|x64
		Release|Any CPU = Release|Any CPU
		Release|Mixed Platforms = Release|Mixed Platforms
		Release|Win32 = Release|Win32
		Release|x64 = Release|x64
	EndGlobalSection
	GlobalSection(ProjectConfigurationPlatforms) = postSolution
		{E4C38D58-5AE1-4F20-A77B-3F98C46C1929}.Debug|Any CPU.ActiveCfg = Debug|Win32
		{E4C38D58-5AE1-4F20-A77B-3F98C46C1929}.Debug|Mixed Platforms.ActiveCfg = Debug|Win32
		{E4C38D58-5AE1-4F20-A77B-3F98C46C1929}.Debug|Mixed Platforms.Build.0 = Debug|Win32
		{E4C38D58-5AE1-4F20-A77B-3F98C46C1929}.Debug|Win32.ActiveCfg = Debug|Win32
		{E4C38D58-5AE1-4F20-A77B-3F98C46C1929}.Debug|Win32.Build.0 = Debug|Win32
		{E4C38D58-5AE1-4F20-A77B-3F98C46C1929}.Debug|x64.ActiveCfg = Debug|Win32
		{E4C38D58-5AE1-4F20-A77B-3F98C46C1929}.Release|Any CPU.ActiveCfg = Release|Win32
		{E4C38D58-5AE1-4F20-A77B-3F98C46C1929}.Release|Mixed Platforms.ActiveCfg = Release|Win32
		{E4C38D58-5AE1-4F20-A77B-3F98C46C1929}.Release|Mixed Platforms.Build.0 = Release|Win32
		{E4C38D58-5AE1-4F20-A77B-3F98C46C1929}.Release|Win32.ActiveCfg = Release|Win32
		{E4C38D58-5AE1-4F20-A77B-3F98C46C1929}.Release|Win32.Build.0 = Release|Win32
		{E4C38D58-5AE1-4F20-A77B-3F98C46C1929}.Release|x64.ActiveCfg = Release|Win32
		{B794053F-8127-44A6-85DB-ECFADB531533}.Debug|Any CPU.ActiveCfg = Debug|Win32
		{B794053F-8127-44A6-85DB-ECFADB531533}.Debug|Mixed Platforms.ActiveCfg = Debug|Win32
		{B794053F-8127-44A6-85DB-ECFADB531533}.Debug|Mixed Platforms.Build.0 = Debug|Win32
		{B794053F-8127-44A6-85DB-ECFADB531533}.Debug|Win32.ActiveCfg = Debug|Win32
		{B794053F-8127-44A6-85DB-ECFADB531533}.Debug|Win32.Build.0 = Debug|Win32
		{B794053F-8127-44A6-85DB-ECFADB531533}.Debug|x64.ActiveCfg = Debug|x64
		{B794053F-8127-44A6-85DB-ECFADB531533}.Debug|x64.Build.0 = Debug|x64
		{B794053F-8127-44A6-85DB-ECFADB531533}.Release|Any CPU.ActiveCfg = Release|Win32
		{B794053F-8127-44A6-85DB-ECFADB531533}.Release|Mixed Platforms.ActiveCfg = Release|Win32
		{B794053F-8127-44A6-85DB-ECFADB531533}.Release|Mixed Platforms.Build.0 = Release|Win32
		{B794053F-8127-44A6-85DB-ECFADB531533}.Release|Win32.ActiveCfg = Release|Win32
		{B794053F-8127-44A6-85DB-ECFADB531533}.Release|Win32.Build.0 = Release|Win32
		{B794053F-8127-44A6-85DB-ECFADB531533}.Release|x64.ActiveCfg = Release|x64
		{B794053F-8127-44A6-85DB-ECFADB531533}.Release|x64.Build.0 = Release|x64
		{42D67D7B-0ABC-4427-84E0-2DBB0BF28354}.Debug|Any CPU.ActiveCfg = Debug|Win32
		{42D67D7B-0ABC-4427-84E0-2DBB0BF28354}.Debug|Mixed Platforms.ActiveCfg = Debug|Win32
		{42D67D7B-0ABC-4427-84E0-2DBB0BF28354}.Debug|Mixed Platforms.Build.0 = Debug|Win32
		{42D67D7B-0ABC-4427-84E0-2DBB0BF28354}.Debug|Win32.ActiveCfg = Debug|Win32
		{42D67D7B-0ABC-4427-84E0-2DBB0BF28354}.Debug|Win32.Build.0 = Debug|Win32
		{42D67D7B-0ABC-4427-84E0-2DBB0BF28354}.Debug|x64.ActiveCfg = Debug|Win32
		{42D67D7B-0ABC-4427-84E0-2DBB0BF28354}.Release|Any CPU.ActiveCfg = Release|Win32
		{42D67D7B-0ABC-4427-84E0-2DBB0BF28354}.Release|Mixed Platforms.ActiveCfg = Release|Win32
		{42D67D7B-0ABC-4427-84E0-2DBB0BF28354}.Release|Mixed Platforms.Build.0 = Release|Win32
		{42D67D7B-0ABC-4427-84E0-2DBB0BF28354}.Release|Win32.ActiveCfg = Release|Win32
		{42D67D7B-0ABC-4427-84E0-2DBB0BF28354}.Release|Win32.Build.0 = Release|Win32
		{42D67D7B-0ABC-4427-84E0-2DBB0BF28354}.Release|x64.ActiveCfg = Release|Win32
		{42E21A49-310D-4F71-93F1-946F38450D42}.Debug|Any CPU.ActiveCfg = Debug|Any CPU
		{42E21A49-310D-4F71-93F1-946F38450D42}.Debug|Any CPU.Build.0 = Debug|Any CPU
		{42E21A49-310D-4F71-93F1-946F38450D42}.Debug|Mixed Platforms.ActiveCfg = Debug|Any CPU
		{42E21A49-310D-4F71-93F1-946F38450D42}.Debug|Mixed Platforms.Build.0 = Debug|Any CPU
		{42E21A49-310D-4F71-93F1-946F38450D42}.Debug|Win32.ActiveCfg = Debug|Any CPU
		{42E21A49-310D-4F71-93F1-946F38450D42}.Debug|x64.ActiveCfg = Debug|Any CPU
		{42E21A49-310D-4F71-93F1-946F38450D42}.Release|Any CPU.ActiveCfg = Release|Any CPU
		{42E21A49-310D-4F71-93F1-946F38450D42}.Release|Any CPU.Build.0 = Release|Any CPU
		{42E21A49-310D-4F71-93F1-946F38450D42}.Release|Mixed Platforms.ActiveCfg = Release|Any CPU
		{42E21A49-310D-4F71-93F1-946F38450D42}.Release|Mixed Platforms.Build.0 = Release|Any CPU
		{42E21A49-310D-4F71-93F1-946F38450D42}.Release|Win32.ActiveCfg = Release|Any CPU
		{42E21A49-310D-4F71-93F1-946F38450D42}.Release|x64.ActiveCfg = Release|Any CPU
	EndGlobalSection
	GlobalSection(SolutionProperties) = preSolution
		HideSolutionNode = FALSE
	EndGlobalSection
EndGlobal
